
Microsoft Visual Studio Solution File, Format Version 12.00
# Visual Studio Version 17
VisualStudioVersion = 17.2.32616.157
MinimumVisualStudioVersion = 10.0.40219.1
Project("{FAE04EC0-301F-11D3-BF4B-00C04F79EFBC}") = "fifaworldcup", "fifaworldcup\fifaworldcup.csproj", "{89F76E89-E00C-4E6E-8A29-07E340A4F51D}"
EndProject
Global
	GlobalSection(SolutionConfigurationPlatforms) = preSolution
		Debug|Any CPU = Debug|Any CPU
		Release|Any CPU = Release|Any CPU
	EndGlobalSection
	GlobalSection(ProjectConfigurationPlatforms) = postSolution
		{89F76E89-E00C-4E6E-8A29-07E340A4F51D}.Debug|Any CPU.ActiveCfg = Debug|Any CPU
		{89F76E89-E00C-4E6E-8A29-07E340A4F51D}.Debug|Any CPU.Build.0 = Debug|Any CPU
		{89F76E89-E00C-4E6E-8A29-07E340A4F51D}.Release|Any CPU.ActiveCfg = Release|Any CPU
		{89F76E89-E00C-4E6E-8A29-07E340A4F51D}.Release|Any CPU.Build.0 = Release|Any CPU
	EndGlobalSection
	GlobalSection(SolutionProperties) = preSolution
		HideSolutionNode = FALSE
	EndGlobalSection
	GlobalSection(ExtensibilityGlobals) = postSolution
		SolutionGuid = {75CD84A3-09C6-4350-88CE-C38CF99EFA6A}
	EndGlobalSection
EndGlobal
